PODS:
  - AFNetworking (2.5.2):
    - AFNetworking/NSURLConnection (= 2.5.2)
    - AFNetworking/NSURLSession (= 2.5.2)
    - AFNetworking/Reachability (= 2.5.2)
    - AFNetworking/Security (= 2.5.2)
    - AFNetworking/Serialization (= 2.5.2)
    - AFNetworking/UIKit (= 2.5.2)
  - AFNetworking/NSURLConnection (2.5.2):
    - AFNetworking/Reachability
    - AFNetworking/Security
    - AFNetworking/Serialization
  - AFNetworking/NSURLSession (2.5.2):
    - AFNetworking/Reachability
    - AFNetworking/Security
    - AFNetworking/Serialization
  - AFNetworking/Reachability (2.5.2)
  - AFNetworking/Security (2.5.2)
  - AFNetworking/Serialization (2.5.2)
  - AFNetworking/UIKit (2.5.2):
    - AFNetworking/NSURLConnection
    - AFNetworking/NSURLSession
  - CocoaAsyncSocket (7.4.1)
  - EGOCache (2.1.2)
  - EGOImageLoading (0.0.1):
    - EGOCache
  - FFmpeg (2.2):
    - FFmpeg/precompiled (= 2.2)
  - FFmpeg/precompiled (2.2)
  - MagicalRecord (2.2):
    - MagicalRecord/Core (= 2.2)
  - MagicalRecord/Core (2.2)
  - MJRefresh (1.4.1)

DEPENDENCIES:
  - AFNetworking (~> 2.0)
  - CocoaAsyncSocket
  - EGOImageLoading
  - ffmpeg
  - MagicalRecord
  - MJRefresh

SPEC CHECKSUMS:
  AFNetworking: fefbce9660acb17f48ae0011292d4da0f457bf36
  CocoaAsyncSocket: 7cbf214b27f8e7f7574db6a3fd96352ffaed433d
  EGOCache: e7bdb2bf15a2ad23bf6c67c664c9fc3694652482
  EGOImageLoading: 99d7c4a9fb5a192ab37979b63ea03efc7097fe8e
  FFmpeg: e004e90bdac48219b272e7bea11671a25bb0a9b9
  MagicalRecord: f8a56bb87ab6552f20c4bb8681a1958a197ea3cd
  MJRefresh: 6a0fd4c81a957803bd99bbbf55a956d1d6f41263

COCOAPODS: 0.35.0
